
Microsoft Visual Studio Solution File, Format Version 12.00
# Visual Studio Version 17
VisualStudioVersion = 17.9.34616.47
MinimumVisualStudioVersion = 10.0.40219.1
Project("{FAE04EC0-301F-11D3-BF4B-00C04F79EFBC}") = "rps", "rps\rps.csproj", "{98564833-85C0-4C64-A900-941804A6E8FE}"
EndProject
Global
	GlobalSection(SolutionConfigurationPlatforms) = preSolution
		Debug|Any CPU = Debug|Any CPU
		Release|Any CPU = Release|Any CPU
	EndGlobalSection
	GlobalSection(ProjectConfigurationPlatforms) = postSolution
		{98564833-85C0-4C64-A900-941804A6E8FE}.Debug|Any CPU.ActiveCfg = Debug|Any CPU
		{98564833-85C0-4C64-A900-941804A6E8FE}.Debug|Any CPU.Build.0 = Debug|Any CPU
		{98564833-85C0-4C64-A900-941804A6E8FE}.Release|Any CPU.ActiveCfg = Release|Any CPU
		{98564833-85C0-4C64-A900-941804A6E8FE}.Release|Any CPU.Build.0 = Release|Any CPU
	EndGlobalSection
	GlobalSection(SolutionProperties) = preSolution
		HideSolutionNode = FALSE
	EndGlobalSection
	GlobalSection(ExtensibilityGlobals) = postSolution
		SolutionGuid = {98058454-D9D2-4233-86A7-11DC1EDA5464}
	EndGlobalSection
EndGlobal
